PODS:
  - Typhoon (4.0.2):
    - Typhoon/DeallocNotifier (= 4.0.2)
    - Typhoon/IntrospectionUtils (= 4.0.2)
    - Typhoon/no-arc (= 4.0.2)
  - Typhoon/DeallocNotifier (4.0.2)
  - Typhoon/IntrospectionUtils (4.0.2)
  - Typhoon/no-arc (4.0.2):
    - Typhoon/IntrospectionUtils

DEPENDENCIES:
  - Typhoon

SPEC CHECKSUMS:
  Typhoon: 05db9d33d798b90c202bf3f754275c03efe93297

PODFILE CHECKSUM: 7f783505aaf9ca2cd835d827d67adf4f6df58518

COCOAPODS: 1.2.1
